{
  "name": "practice01",
  "version": "1.0.0",
  "lockfileVersion": 1,
  "requires": true,
  "dependencies": {
    "nodemon": {
      "version": "1.19.1",
      "resolved": "https://registry.npmjs.org/nodemon/-/nodemon-1.19.1.tgz",
      "integrity": "sha512-/DXLzd/GhiaDXXbGId5BzxP1GlsqtMGM9zTmkWrgXtSqjKmGSbLicM/oAy4FR0YWm14jCHRwnR31AHS2dYFHrg==",
      "dev": true
    }
  }
}
